
Microsoft Visual Studio Solution File, Format Version 12.00
Project("{FAE04EC0-301F-11D3-BF4B-00C04F79EFBC}") = "LocalNetflix.MediaPlayerObserver", "LocalNetflix.MediaPlayerObserver\LocalNetflix.MediaPlayerObserver.csproj", "{BE4F73AF-3B24-44CC-8C8C-BC5CC04627B2}"
EndProject
Global
	GlobalSection(SolutionConfigurationPlatforms) = preSolution
		Debug|Any CPU = Debug|Any CPU
		Release|Any CPU = Release|Any CPU
	EndGlobalSection
	GlobalSection(ProjectConfigurationPlatforms) = postSolution
		{BE4F73AF-3B24-44CC-8C8C-BC5CC04627B2}.Debug|Any CPU.ActiveCfg = Debug|Any CPU
		{BE4F73AF-3B24-44CC-8C8C-BC5CC04627B2}.Debug|Any CPU.Build.0 = Debug|Any CPU
		{BE4F73AF-3B24-44CC-8C8C-BC5CC04627B2}.Release|Any CPU.ActiveCfg = Release|Any CPU
		{BE4F73AF-3B24-44CC-8C8C-BC5CC04627B2}.Release|Any CPU.Build.0 = Release|Any CPU
	EndGlobalSection
EndGlobal
