
Microsoft Visual Studio Solution File, Format Version 12.00
Project("{FAE04EC0-301F-11D3-BF4B-00C04F79EFBC}") = "LocalNetflix.MediaPlayerObserver", "LocalNetflix.MediaPlayerObserver\LocalNetflix.MediaPlayerObserver.csproj", "{BE4F73AF-3B24-44CC-8C8C-BC5CC04627B2}"
EndProject
Project("{FAE04EC0-301F-11D3-BF4B-00C04F79EFBC}") = "LocalNetflix.WebApi", "LocalNetflix.WebApi\LocalNetflix.WebApi.csproj", "{FED6DE00-9140-4E1D-90F8-0924029CFD33}"
EndProject
Project("{FAE04EC0-301F-11D3-BF4B-00C04F79EFBC}") = "BlazorStandAlone", "BlazorStandAlone\BlazorStandAlone.csproj", "{D5CBC51C-13BD-455C-A754-59DC72AC7E92}"
EndProject
Project("{FAE04EC0-301F-11D3-BF4B-00C04F79EFBC}") = "LocalNetflix.Protobuf", "LocalNetflix.Protobuf\LocalNetflix.Protobuf.csproj", "{06831B46-9800-419B-BF35-C0720F3E8DDB}"
EndProject
Project("{2150E333-8FDC-42A3-9474-1A3956D46DE8}") = "1. UI", "1. UI", "{0010F4BF-231A-47CB-BA53-998D9584F680}"
EndProject
Project("{2150E333-8FDC-42A3-9474-1A3956D46DE8}") = "2. WebApi", "2. WebApi", "{B11A1E97-9D1B-4AF0-9C98-37987D77142F}"
EndProject
Project("{2150E333-8FDC-42A3-9474-1A3956D46DE8}") = "3. MediaPlayers", "3. MediaPlayers", "{98C51B57-905D-4203-9701-2799B20C7988}"
EndProject
Project("{FAE04EC0-301F-11D3-BF4B-00C04F79EFBC}") = "LocalNetflix.Grpc", "LocalNetflix.Grpc\LocalNetflix.Grpc.csproj", "{EE53109B-3A21-4A03-B742-67727327C873}"
EndProject
Project("{2150E333-8FDC-42A3-9474-1A3956D46DE8}") = "99. Shared", "99. Shared", "{E6BF45D9-1C8C-49CB-8CFA-6EAB3AD48EC0}"
EndProject
Project("{2150E333-8FDC-42A3-9474-1A3956D46DE8}") = "4. Backend", "4. Backend", "{F73D76E4-7FFD-43DD-AAEB-DB4B912B4201}"
EndProject
Project("{FAE04EC0-301F-11D3-BF4B-00C04F79EFBC}") = "LocalNetflix.Backend", "LocalNetflix.Backend\LocalNetflix.Backend.csproj", "{07049602-66CE-40B1-A2AB-A3B2ED3A9819}"
EndProject
Project("{FAE04EC0-301F-11D3-BF4B-00C04F79EFBC}") = "Localnetflix.Backend.Database", "Localnetflix.Backend.Database\Localnetflix.Backend.Database.csproj", "{C0B2C93A-F69A-4C5A-8F93-7B940FAD5D2C}"
EndProject
Global
	GlobalSection(SolutionConfigurationPlatforms) = preSolution
		Debug|Any CPU = Debug|Any CPU
		Release|Any CPU = Release|Any CPU
	EndGlobalSection
	GlobalSection(ProjectConfigurationPlatforms) = postSolution
		{BE4F73AF-3B24-44CC-8C8C-BC5CC04627B2}.Debug|Any CPU.ActiveCfg = Debug|Any CPU
		{BE4F73AF-3B24-44CC-8C8C-BC5CC04627B2}.Debug|Any CPU.Build.0 = Debug|Any CPU
		{BE4F73AF-3B24-44CC-8C8C-BC5CC04627B2}.Release|Any CPU.ActiveCfg = Release|Any CPU
		{BE4F73AF-3B24-44CC-8C8C-BC5CC04627B2}.Release|Any CPU.Build.0 = Release|Any CPU
		{FED6DE00-9140-4E1D-90F8-0924029CFD33}.Debug|Any CPU.ActiveCfg = Debug|Any CPU
		{FED6DE00-9140-4E1D-90F8-0924029CFD33}.Debug|Any CPU.Build.0 = Debug|Any CPU
		{FED6DE00-9140-4E1D-90F8-0924029CFD33}.Release|Any CPU.ActiveCfg = Release|Any CPU
		{FED6DE00-9140-4E1D-90F8-0924029CFD33}.Release|Any CPU.Build.0 = Release|Any CPU
		{D5CBC51C-13BD-455C-A754-59DC72AC7E92}.Debug|Any CPU.ActiveCfg = Debug|Any CPU
		{D5CBC51C-13BD-455C-A754-59DC72AC7E92}.Debug|Any CPU.Build.0 = Debug|Any CPU
		{D5CBC51C-13BD-455C-A754-59DC72AC7E92}.Release|Any CPU.ActiveCfg = Release|Any CPU
		{D5CBC51C-13BD-455C-A754-59DC72AC7E92}.Release|Any CPU.Build.0 = Release|Any CPU
		{06831B46-9800-419B-BF35-C0720F3E8DDB}.Debug|Any CPU.ActiveCfg = Debug|Any CPU
		{06831B46-9800-419B-BF35-C0720F3E8DDB}.Debug|Any CPU.Build.0 = Debug|Any CPU
		{06831B46-9800-419B-BF35-C0720F3E8DDB}.Release|Any CPU.ActiveCfg = Release|Any CPU
		{06831B46-9800-419B-BF35-C0720F3E8DDB}.Release|Any CPU.Build.0 = Release|Any CPU
		{EE53109B-3A21-4A03-B742-67727327C873}.Debug|Any CPU.ActiveCfg = Debug|Any CPU
		{EE53109B-3A21-4A03-B742-67727327C873}.Debug|Any CPU.Build.0 = Debug|Any CPU
		{EE53109B-3A21-4A03-B742-67727327C873}.Release|Any CPU.ActiveCfg = Release|Any CPU
		{EE53109B-3A21-4A03-B742-67727327C873}.Release|Any CPU.Build.0 = Release|Any CPU
		{07049602-66CE-40B1-A2AB-A3B2ED3A9819}.Debug|Any CPU.ActiveCfg = Debug|Any CPU
		{07049602-66CE-40B1-A2AB-A3B2ED3A9819}.Debug|Any CPU.Build.0 = Debug|Any CPU
		{07049602-66CE-40B1-A2AB-A3B2ED3A9819}.Release|Any CPU.ActiveCfg = Release|Any CPU
		{07049602-66CE-40B1-A2AB-A3B2ED3A9819}.Release|Any CPU.Build.0 = Release|Any CPU
		{C0B2C93A-F69A-4C5A-8F93-7B940FAD5D2C}.Debug|Any CPU.ActiveCfg = Debug|Any CPU
		{C0B2C93A-F69A-4C5A-8F93-7B940FAD5D2C}.Debug|Any CPU.Build.0 = Debug|Any CPU
		{C0B2C93A-F69A-4C5A-8F93-7B940FAD5D2C}.Release|Any CPU.ActiveCfg = Release|Any CPU
		{C0B2C93A-F69A-4C5A-8F93-7B940FAD5D2C}.Release|Any CPU.Build.0 = Release|Any CPU
	EndGlobalSection
	GlobalSection(NestedProjects) = preSolution
		{D5CBC51C-13BD-455C-A754-59DC72AC7E92} = {0010F4BF-231A-47CB-BA53-998D9584F680}
		{FED6DE00-9140-4E1D-90F8-0924029CFD33} = {B11A1E97-9D1B-4AF0-9C98-37987D77142F}
		{BE4F73AF-3B24-44CC-8C8C-BC5CC04627B2} = {98C51B57-905D-4203-9701-2799B20C7988}
		{EE53109B-3A21-4A03-B742-67727327C873} = {E6BF45D9-1C8C-49CB-8CFA-6EAB3AD48EC0}
		{06831B46-9800-419B-BF35-C0720F3E8DDB} = {E6BF45D9-1C8C-49CB-8CFA-6EAB3AD48EC0}
		{07049602-66CE-40B1-A2AB-A3B2ED3A9819} = {F73D76E4-7FFD-43DD-AAEB-DB4B912B4201}
		{C0B2C93A-F69A-4C5A-8F93-7B940FAD5D2C} = {F73D76E4-7FFD-43DD-AAEB-DB4B912B4201}
	EndGlobalSection
EndGlobal
