
Microsoft Visual Studio Solution File, Format Version 12.00
Project("{FAE04EC0-301F-11D3-BF4B-00C04F79EFBC}") = "Mpv.JsonIpc", "Mpv.JsonIpc\Mpv.JsonIpc.csproj", "{9814ADC0-24D5-413C-8EC6-C33CB820555C}"
EndProject
Project("{FAE04EC0-301F-11D3-BF4B-00C04F79EFBC}") = "SnackTime.WebApi", "SnackTime.WebApi\SnackTime.WebApi.csproj", "{601FBF93-D8EE-4D3D-93CB-3D9799D1DE32}"
EndProject
Project("{FAE04EC0-301F-11D3-BF4B-00C04F79EFBC}") = "SnackTime.Core", "SnackTime.Core\SnackTime.Core.csproj", "{610F1AA7-1AAB-44C9-AC36-F6CB938801DA}"
EndProject
Project("{FAE04EC0-301F-11D3-BF4B-00C04F79EFBC}") = "SnackTime.MediaServer.Grpc", "SnackTime.MediaServer.Grpc\SnackTime.MediaServer.Grpc.csproj", "{0177258D-1FDF-4CFF-BF41-679CC1243248}"
EndProject
Project("{FAE04EC0-301F-11D3-BF4B-00C04F79EFBC}") = "SnackTime.MediaServer.Runner", "SnackTime.MediaServer.Runner\SnackTime.MediaServer.Runner.csproj", "{E830AE20-451E-45F1-9AEF-CB680A06A283}"
EndProject
Project("{2150E333-8FDC-42A3-9474-1A3956D46DE8}") = "Grpc", "MediaServer.Grpc", "{61B95832-EC6A-41F1-9AEC-1A2CBCFA5733}"
EndProject
Project("{2150E333-8FDC-42A3-9474-1A3956D46DE8}") = "MediaServer", "MediaServer", "{5E40D03A-E726-4AAC-AA95-58D212B407F1}"
EndProject
Project("{FAE04EC0-301F-11D3-BF4B-00C04F79EFBC}") = "SnackTime.MediaServer", "SnackTime.MediaServer\SnackTime.MediaServer.csproj", "{FC367320-8CB9-4DB4-B026-849738A8C294}"
EndProject
Project("{FAE04EC0-301F-11D3-BF4B-00C04F79EFBC}") = "SnackTime.MediaServer.Proto", "SnackTime.MediaServer.Proto\SnackTime.MediaServer.Proto.csproj", "{8099FC72-B870-4943-A393-9D5F56124758}"
EndProject
Global
	GlobalSection(SolutionConfigurationPlatforms) = preSolution
		Debug|Any CPU = Debug|Any CPU
		Release|Any CPU = Release|Any CPU
	EndGlobalSection
	GlobalSection(ProjectConfigurationPlatforms) = postSolution
		{9814ADC0-24D5-413C-8EC6-C33CB820555C}.Debug|Any CPU.ActiveCfg = Debug|Any CPU
		{9814ADC0-24D5-413C-8EC6-C33CB820555C}.Debug|Any CPU.Build.0 = Debug|Any CPU
		{9814ADC0-24D5-413C-8EC6-C33CB820555C}.Release|Any CPU.ActiveCfg = Release|Any CPU
		{9814ADC0-24D5-413C-8EC6-C33CB820555C}.Release|Any CPU.Build.0 = Release|Any CPU
		{601FBF93-D8EE-4D3D-93CB-3D9799D1DE32}.Debug|Any CPU.ActiveCfg = Debug|Any CPU
		{601FBF93-D8EE-4D3D-93CB-3D9799D1DE32}.Debug|Any CPU.Build.0 = Debug|Any CPU
		{601FBF93-D8EE-4D3D-93CB-3D9799D1DE32}.Release|Any CPU.ActiveCfg = Release|Any CPU
		{601FBF93-D8EE-4D3D-93CB-3D9799D1DE32}.Release|Any CPU.Build.0 = Release|Any CPU
		{610F1AA7-1AAB-44C9-AC36-F6CB938801DA}.Debug|Any CPU.ActiveCfg = Debug|Any CPU
		{610F1AA7-1AAB-44C9-AC36-F6CB938801DA}.Debug|Any CPU.Build.0 = Debug|Any CPU
		{610F1AA7-1AAB-44C9-AC36-F6CB938801DA}.Release|Any CPU.ActiveCfg = Release|Any CPU
		{610F1AA7-1AAB-44C9-AC36-F6CB938801DA}.Release|Any CPU.Build.0 = Release|Any CPU
		{0177258D-1FDF-4CFF-BF41-679CC1243248}.Debug|Any CPU.ActiveCfg = Debug|Any CPU
		{0177258D-1FDF-4CFF-BF41-679CC1243248}.Debug|Any CPU.Build.0 = Debug|Any CPU
		{0177258D-1FDF-4CFF-BF41-679CC1243248}.Release|Any CPU.ActiveCfg = Release|Any CPU
		{0177258D-1FDF-4CFF-BF41-679CC1243248}.Release|Any CPU.Build.0 = Release|Any CPU
		{E830AE20-451E-45F1-9AEF-CB680A06A283}.Debug|Any CPU.ActiveCfg = Debug|Any CPU
		{E830AE20-451E-45F1-9AEF-CB680A06A283}.Debug|Any CPU.Build.0 = Debug|Any CPU
		{E830AE20-451E-45F1-9AEF-CB680A06A283}.Release|Any CPU.ActiveCfg = Release|Any CPU
		{E830AE20-451E-45F1-9AEF-CB680A06A283}.Release|Any CPU.Build.0 = Release|Any CPU
		{FC367320-8CB9-4DB4-B026-849738A8C294}.Debug|Any CPU.ActiveCfg = Debug|Any CPU
		{FC367320-8CB9-4DB4-B026-849738A8C294}.Debug|Any CPU.Build.0 = Debug|Any CPU
		{FC367320-8CB9-4DB4-B026-849738A8C294}.Release|Any CPU.ActiveCfg = Release|Any CPU
		{FC367320-8CB9-4DB4-B026-849738A8C294}.Release|Any CPU.Build.0 = Release|Any CPU
		{8099FC72-B870-4943-A393-9D5F56124758}.Debug|Any CPU.ActiveCfg = Debug|Any CPU
		{8099FC72-B870-4943-A393-9D5F56124758}.Debug|Any CPU.Build.0 = Debug|Any CPU
		{8099FC72-B870-4943-A393-9D5F56124758}.Release|Any CPU.ActiveCfg = Release|Any CPU
		{8099FC72-B870-4943-A393-9D5F56124758}.Release|Any CPU.Build.0 = Release|Any CPU
	EndGlobalSection
	GlobalSection(NestedProjects) = preSolution
		{E830AE20-451E-45F1-9AEF-CB680A06A283} = {61B95832-EC6A-41F1-9AEC-1A2CBCFA5733}
		{0177258D-1FDF-4CFF-BF41-679CC1243248} = {61B95832-EC6A-41F1-9AEC-1A2CBCFA5733}
		{61B95832-EC6A-41F1-9AEC-1A2CBCFA5733} = {5E40D03A-E726-4AAC-AA95-58D212B407F1}
		{FC367320-8CB9-4DB4-B026-849738A8C294} = {5E40D03A-E726-4AAC-AA95-58D212B407F1}
		{8099FC72-B870-4943-A393-9D5F56124758} = {5E40D03A-E726-4AAC-AA95-58D212B407F1}
	EndGlobalSection
EndGlobal
